// !$*UTF8*$!
{
	archiveVersion = 1;
	classes = {
	};
	objectVersion = 56;
	objects = {

/* Begin PBXBuildFile section */
		8C4DC51C2B546A20000B8A28 /* AppDelegate.swift in Sources */ = {isa = PBXBuildFile; fileRef = 8C4DC51B2B546A20000B8A28 /* AppDelegate.swift */; };
		8C4DC51E2B546A20000B8A28 /* SceneDelegate.swift in Sources */ = {isa = PBXBuildFile; fileRef = 8C4DC51D2B546A20000B8A28 /* SceneDelegate.swift */; };
		8C4DC5202B546A20000B8A28 /* ViewController.swift in Sources */ = {isa = PBXBuildFile; fileRef = 8C4DC51F2B546A20000B8A28 /* ViewController.swift */; };
		8C4DC5252B546A21000B8A28 /* Assets.xcassets in Resources */ = {isa = PBXBuildFile; fileRef = 8C4DC5242B546A21000B8A28 /* Assets.xcassets */; };
		8C4DC5282B546A21000B8A28 /* LaunchScreen.storyboard in Resources */ = {isa = PBXBuildFile; fileRef = 8C4DC5262B546A21000B8A28 /* LaunchScreen.storyboard */; };
		8C4DC5302B546A46000B8A28 /* ViewController.xib in Resources */ = {isa = PBXBuildFile; fileRef = 8C4DC52F2B546A46000B8A28 /* ViewController.xib */; };
		8C4DC5332B546DF9000B8A28 /* TestCellTableViewCell.swift in Sources */ = {isa = PBXBuildFile; fileRef = 8C4DC5312B546DF9000B8A28 /* TestCellTableViewCell.swift */; };
		8C4DC5342B546DF9000B8A28 /* TestCellTableViewCell.xib in Resources */ = {isa = PBXBuildFile; fileRef = 8C4DC5322B546DF9000B8A28 /* TestCellTableViewCell.xib */; };
		8C4DC5362B547222000B8A28 /* CustomCellStruct.swift in Sources */ = {isa = PBXBuildFile; fileRef = 8C4DC5352B547222000B8A28 /* CustomCellStruct.swift */; };
		8C4DC5392B547581000B8A28 /* DetailViewController.swift in Sources */ = {isa = PBXBuildFile; fileRef = 8C4DC5372B547581000B8A28 /* DetailViewController.swift */; };
		8C4DC53A2B547581000B8A28 /* DetailViewController.xib in Resources */ = {isa = PBXBuildFile; fileRef = 8C4DC5382B547581000B8A28 /* DetailViewController.xib */; };
/* End PBXBuildFile section */

/* Begin PBXFileReference section */
		8C4DC5182B546A20000B8A28 /* XibProject1.app */ = {isa = PBXFileReference; explicitFileType = wrapper.application; includeInIndex = 0; path = XibProject1.app; sourceTree = BUILT_PRODUCTS_DIR; };
		8C4DC51B2B546A20000B8A28 /* AppDelegate.swift */ = {isa = PBXFileReference; lastKnownFileType = sourcecode.swift; path = AppDelegate.swift; sourceTree = "<group>"; };
		8C4DC51D2B546A20000B8A28 /* SceneDelegate.swift */ = {isa = PBXFileReference; lastKnownFileType = sourcecode.swift; path = SceneDelegate.swift; sourceTree = "<group>"; };
		8C4DC51F2B546A20000B8A28 /* ViewController.swift */ = {isa = PBXFileReference; lastKnownFileType = sourcecode.swift; path = ViewController.swift; sourceTree = "<group>"; };
		8C4DC5242B546A21000B8A28 /* Assets.xcassets */ = {isa = PBXFileReference; lastKnownFileType = folder.assetcatalog; path = Assets.xcassets; sourceTree = "<group>"; };
		8C4DC5272B546A21000B8A28 /* Base */ = {isa = PBXFileReference; lastKnownFileType = file.storyboard; name = Base; path = Base.lproj/LaunchScreen.storyboard; sourceTree = "<group>"; };
		8C4DC5292B546A21000B8A28 /* Info.plist */ = {isa = PBXFileReference; lastKnownFileType = text.plist.xml; path = Info.plist; sourceTree = "<group>"; };
		8C4DC52F2B546A46000B8A28 /* ViewController.xib */ = {isa = PBXFileReference; lastKnownFileType = file.xib; path = ViewController.xib; sourceTree = "<group>"; };
		8C4DC5312B546DF9000B8A28 /* TestCellTableViewCell.swift */ = {isa = PBXFileReference; lastKnownFileType = sourcecode.swift; path = TestCellTableViewCell.swift; sourceTree = "<group>"; };
		8C4DC5322B546DF9000B8A28 /* TestCellTableViewCell.xib */ = {isa = PBXFileReference; lastKnownFileType = file.xib; path = TestCellTableViewCell.xib; sourceTree = "<group>"; };
		8C4DC5352B547222000B8A28 /* CustomCellStruct.swift */ = {isa = PBXFileReference; lastKnownFileType = sourcecode.swift; path = CustomCellStruct.swift; sourceTree = "<group>"; };
		8C4DC5372B547581000B8A28 /* DetailViewController.swift */ = {isa = PBXFileReference; lastKnownFileType = sourcecode.swift; path = DetailViewController.swift; sourceTree = "<group>"; };
		8C4DC5382B547581000B8A28 /* DetailViewController.xib */ = {isa = PBXFileReference; lastKnownFileType = file.xib; path = DetailViewController.xib; sourceTree = "<group>"; };
/* End PBXFileReference section */

/* Begin PBXFrameworksBuildPhase section */
		8C4DC5152B546A20000B8A28 /* Frameworks */ = {
			isa = PBXFrameworksBuildPhase;
			buildActionMask = 2147483647;
			files = (
			);
			runOnlyForDeploymentPostprocessing = 0;
		};
/* End PBXFrameworksBuildPhase section */

/* Begin PBXGroup section */
		8C4DC50F2B546A20000B8A28 = {
			isa = PBXGroup;
			children = (
				8C4DC51A2B546A20000B8A28 /* XibProject1 */,
				8C4DC5192B546A20000B8A28 /* Products */,
			);
			sourceTree = "<group>";
		};
		8C4DC5192B546A20000B8A28 /* Products */ = {
			isa = PBXGroup;
			children = (
				8C4DC5182B546A20000B8A28 /* XibProject1.app */,
			);
			name = Products;
			sourceTree = "<group>";
		};
		8C4DC51A2B546A20000B8A28 /* XibProject1 */ = {
			isa = PBXGroup;
			children = (
				8C4DC51B2B546A20000B8A28 /* AppDelegate.swift */,
				8C4DC51D2B546A20000B8A28 /* SceneDelegate.swift */,
				8C4DC51F2B546A20000B8A28 /* ViewController.swift */,
				8C4DC5372B547581000B8A28 /* DetailViewController.swift */,
				8C4DC5382B547581000B8A28 /* DetailViewController.xib */,
				8C4DC5352B547222000B8A28 /* CustomCellStruct.swift */,
				8C4DC52F2B546A46000B8A28 /* ViewController.xib */,
				8C4DC5312B546DF9000B8A28 /* TestCellTableViewCell.swift */,
				8C4DC5322B546DF9000B8A28 /* TestCellTableViewCell.xib */,
				8C4DC5242B546A21000B8A28 /* Assets.xcassets */,
				8C4DC5262B546A21000B8A28 /* LaunchScreen.storyboard */,
				8C4DC5292B546A21000B8A28 /* Info.plist */,
			);
			path = XibProject1;
			sourceTree = "<group>";
		};
/* End PBXGroup section */

/* Begin PBXNativeTarget section */
		8C4DC5172B546A20000B8A28 /* XibProject1 */ = {
			isa = PBXNativeTarget;
			buildConfigurationList = 8C4DC52C2B546A21000B8A28 /* Build configuration list for PBXNativeTarget "XibProject1" */;
			buildPhases = (
				8C4DC5142B546A20000B8A28 /* Sources */,
				8C4DC5152B546A20000B8A28 /* Frameworks */,
				8C4DC5162B546A20000B8A28 /* Resources */,
			);
			buildRules = (
			);
			dependencies = (
			);
			name = XibProject1;
			productName = XibProject1;
			productReference = 8C4DC5182B546A20000B8A28 /* XibProject1.app */;
			productType = "com.apple.product-type.application";
		};
/* End PBXNativeTarget section */

/* Begin PBXProject section */
		8C4DC5102B546A20000B8A28 /* Project object */ = {
			isa = PBXProject;
			attributes = {
				BuildIndependentTargetsInParallel = 1;
				LastSwiftUpdateCheck = 1430;
				LastUpgradeCheck = 1430;
				TargetAttributes = {
					8C4DC5172B546A20000B8A28 = {
						CreatedOnToolsVersion = 14.3.1;
					};
				};
			};
			buildConfigurationList = 8C4DC5132B546A20000B8A28 /* Build configuration list for PBXProject "XibProject1" */;
			compatibilityVersion = "Xcode 14.0";
			developmentRegion = en;
			hasScannedForEncodings = 0;
			knownRegions = (
				en,
				Base,
			);
			mainGroup = 8C4DC50F2B546A20000B8A28;
			productRefGroup = 8C4DC5192B546A20000B8A28 /* Products */;
			projectDirPath = "";
			projectRoot = "";
			targets = (
				8C4DC5172B546A20000B8A28 /* XibProject1 */,
			);
		};
/* End PBXProject section */

/* Begin PBXResourcesBuildPhase section */
		8C4DC5162B546A20000B8A28 /* Resources */ = {
			isa = PBXResourcesBuildPhase;
			buildActionMask = 2147483647;
			files = (
				8C4DC5282B546A21000B8A28 /* LaunchScreen.storyboard in Resources */,
				8C4DC5342B546DF9000B8A28 /* TestCellTableViewCell.xib in Resources */,
				8C4DC53A2B547581000B8A28 /* DetailViewController.xib in Resources */,
				8C4DC5302B546A46000B8A28 /* ViewController.xib in Resources */,
				8C4DC5252B546A21000B8A28 /* Assets.xcassets in Resources */,
			);
			runOnlyForDeploymentPostprocessing = 0;
		};
/* End PBXResourcesBuildPhase section */

/* Begin PBXSourcesBuildPhase section */
		8C4DC5142B546A20000B8A28 /* Sources */ = {
			isa = PBXSourcesBuildPhase;
			buildActionMask = 2147483647;
			files = (
				8C4DC5362B547222000B8A28 /* CustomCellStruct.swift in Sources */,
				8C4DC5202B546A20000B8A28 /* ViewController.swift in Sources */,
				8C4DC5332B546DF9000B8A28 /* TestCellTableViewCell.swift in Sources */,
				8C4DC5392B547581000B8A28 /* DetailViewController.swift in Sources */,
				8C4DC51C2B546A20000B8A28 /* AppDelegate.swift in Sources */,
				8C4DC51E2B546A20000B8A28 /* SceneDelegate.swift in Sources */,
			);
			runOnlyForDeploymentPostprocessing = 0;
		};
/* End PBXSourcesBuildPhase section */

/* Begin PBXVariantGroup section */
		8C4DC5262B546A21000B8A28 /* LaunchScreen.storyboard */ = {
			isa = PBXVariantGroup;
			children = (
				8C4DC5272B546A21000B8A28 /* Base */,
			);
			name = LaunchScreen.storyboard;
			sourceTree = "<group>";
		};
/* End PBXVariantGroup section */

/* Begin XCBuildConfiguration section */
		8C4DC52A2B546A21000B8A28 /* Debug */ = {
			isa = XCBuildConfiguration;
			buildSettings = {
				ALWAYS_SEARCH_USER_PATHS = NO;
				CLANG_ANALYZER_NONNULL = YES;
				CLANG_ANALYZER_NUMBER_OBJECT_CONVERSION = YES_AGGRESSIVE;
				CLANG_CXX_LANGUAGE_STANDARD = "gnu++20";
				CLANG_ENABLE_MODULES = YES;
				CLANG_ENABLE_OBJC_ARC = YES;
				CLANG_ENABLE_OBJC_WEAK = YES;
				CLANG_WARN_BLOCK_CAPTURE_AUTORELEASING = YES;
				CLANG_WARN_BOOL_CONVERSION = YES;
				CLANG_WARN_COMMA = YES;
				CLANG_WARN_CONSTANT_CONVERSION = YES;
				CLANG_WARN_DEPRECATED_OBJC_IMPLEMENTATIONS = YES;
				CLANG_WARN_DIRECT_OBJC_ISA_USAGE = YES_ERROR;
				CLANG_WARN_DOCUMENTATION_COMMENTS = YES;
				CLANG_WARN_EMPTY_BODY = YES;
				CLANG_WARN_ENUM_CONVERSION = YES;
				CLANG_WARN_INFINITE_RECURSION = YES;
				CLANG_WARN_INT_CONVERSION = YES;
				CLANG_WARN_NON_LITERAL_NULL_CONVERSION = YES;
				CLANG_WARN_OBJC_IMPLICIT_RETAIN_SELF = YES;
				CLANG_WARN_OBJC_LITERAL_CONVERSION = YES;
				CLANG_WARN_OBJC_ROOT_CLASS = YES_ERROR;
				CLANG_WARN_QUOTED_INCLUDE_IN_FRAMEWORK_HEADER = YES;
				CLANG_WARN_RANGE_LOOP_ANALYSIS = YES;
				CLANG_WARN_STRICT_PROTOTYPES = YES;
				CLANG_WARN_SUSPICIOUS_MOVE = YES;
				CLANG_WARN_UNGUARDED_AVAILABILITY = YES_AGGRESSIVE;
				CLANG_WARN_UNREACHABLE_CODE = YES;
				CLANG_WARN__DUPLICATE_METHOD_MATCH = YES;
				COPY_PHASE_STRIP = NO;
				DEBUG_INFORMATION_FORMAT = dwarf;
				ENABLE_STRICT_OBJC_MSGSEND = YES;
				ENABLE_TESTABILITY = YES;
				GCC_C_LANGUAGE_STANDARD = gnu11;
				GCC_DYNAMIC_NO_PIC = NO;
				GCC_NO_COMMON_BLOCKS = YES;
				GCC_OPTIMIZATION_LEVEL = 0;
				GCC_PREPROCESSOR_DEFINITIONS = (
					"DEBUG=1",
					"$(inherited)",
				);
				GCC_WARN_64_TO_32_BIT_CONVERSION = YES;
				GCC_WARN_ABOUT_RETURN_TYPE = YES_ERROR;
				GCC_WARN_UNDECLARED_SELECTOR = YES;
				GCC_WARN_UNINITIALIZED_AUTOS = YES_AGGRESSIVE;
				GCC_WARN_UNUSED_FUNCTION = YES;
				GCC_WARN_UNUSED_VARIABLE = YES;
				IPHONEOS_DEPLOYMENT_TARGET = 16.4;
				MTL_ENABLE_DEBUG_INFO = INCLUDE_SOURCE;
				MTL_FAST_MATH = YES;
				ONLY_ACTIVE_ARCH = YES;
				SDKROOT = iphoneos;
				SWIFT_ACTIVE_COMPILATION_CONDITIONS = DEBUG;
				SWIFT_OPTIMIZATION_LEVEL = "-Onone";
			};
			name = Debug;
		};
		8C4DC52B2B546A21000B8A28 /* Release */ = {
			isa = XCBuildConfiguration;
			buildSettings = {
				ALWAYS_SEARCH_USER_PATHS = NO;
				CLANG_ANALYZER_NONNULL = YES;
				CLANG_ANALYZER_NUMBER_OBJECT_CONVERSION = YES_AGGRESSIVE;
				CLANG_CXX_LANGUAGE_STANDARD = "gnu++20";
				CLANG_ENABLE_MODULES = YES;
				CLANG_ENABLE_OBJC_ARC = YES;
				CLANG_ENABLE_OBJC_WEAK = YES;
				CLANG_WARN_BLOCK_CAPTURE_AUTORELEASING = YES;
				CLANG_WARN_BOOL_CONVERSION = YES;
				CLANG_WARN_COMMA = YES;
				CLANG_WARN_CONSTANT_CONVERSION = YES;
				CLANG_WARN_DEPRECATED_OBJC_IMPLEMENTATIONS = YES;
				CLANG_WARN_DIRECT_OBJC_ISA_USAGE = YES_ERROR;
				CLANG_WARN_DOCUMENTATION_COMMENTS = YES;
				CLANG_WARN_EMPTY_BODY = YES;
				CLANG_WARN_ENUM_CONVERSION = YES;
				CLANG_WARN_INFINITE_RECURSION = YES;
				CLANG_WARN_INT_CONVERSION = YES;
				CLANG_WARN_NON_LITERAL_NULL_CONVERSION = YES;
				CLANG_WARN_OBJC_IMPLICIT_RETAIN_SELF = YES;
				CLANG_WARN_OBJC_LITERAL_CONVERSION = YES;
				CLANG_WARN_OBJC_ROOT_CLASS = YES_ERROR;
				CLANG_WARN_QUOTED_INCLUDE_IN_FRAMEWORK_HEADER = YES;
				CLANG_WARN_RANGE_LOOP_ANALYSIS = YES;
				CLANG_WARN_STRICT_PROTOTYPES = YES;
				CLANG_WARN_SUSPICIOUS_MOVE = YES;
				CLANG_WARN_UNGUARDED_AVAILABILITY = YES_AGGRESSIVE;
				CLANG_WARN_UNREACHABLE_CODE = YES;
				CLANG_WARN__DUPLICATE_METHOD_MATCH = YES;
				COPY_PHASE_STRIP = NO;
				DEBUG_INFORMATION_FORMAT = "dwarf-with-dsym";
				ENABLE_NS_ASSERTIONS = NO;
				ENABLE_STRICT_OBJC_MSGSEND = YES;
				GCC_C_LANGUAGE_STANDARD = gnu11;
				GCC_NO_COMMON_BLOCKS = YES;
				GCC_WARN_64_TO_32_BIT_CONVERSION = YES;
				GCC_WARN_ABOUT_RETURN_TYPE = YES_ERROR;
				GCC_WARN_UNDECLARED_SELECTOR = YES;
				GCC_WARN_UNINITIALIZED_AUTOS = YES_AGGRESSIVE;
				GCC_WARN_UNUSED_FUNCTION = YES;
				GCC_WARN_UNUSED_VARIABLE = YES;
				IPHONEOS_DEPLOYMENT_TARGET = 16.4;
				MTL_ENABLE_DEBUG_INFO = NO;
				MTL_FAST_MATH = YES;
				SDKROOT = iphoneos;
				SWIFT_COMPILATION_MODE = wholemodule;
				SWIFT_OPTIMIZATION_LEVEL = "-O";
				VALIDATE_PRODUCT = YES;
			};
			name = Release;
		};
		8C4DC52D2B546A21000B8A28 /* Debug */ = {
			isa = XCBuildConfiguration;
			buildSettings = {
				ASSETCATALOG_COMPILER_APPICON_NAME = AppIcon;
				ASSETCATALOG_COMPILER_GLOBAL_ACCENT_COLOR_NAME = AccentColor;
				CODE_SIGN_STYLE = Automatic;
				CURRENT_PROJECT_VERSION = 1;
				GENERATE_INFOPLIST_FILE = YES;
				INFOPLIST_FILE = XibProject1/Info.plist;
				INFOPLIST_KEY_UIApplicationSupportsIndirectInputEvents = YES;
				INFOPLIST_KEY_UILaunchStoryboardName = LaunchScreen;
				INFOPLIST_KEY_UIMainStoryboardFile = "";
				INFOPLIST_KEY_UISupportedInterfaceOrientations_iPad = "UIInterfaceOrientationPortrait UIInterfaceOrientationPortraitUpsideDown UIInterfaceOrientationLandscapeLeft UIInterfaceOrientationLandscapeRight";
				INFOPLIST_KEY_UISupportedInterfaceOrientations_iPhone = "UIInterfaceOrientationPortrait UIInterfaceOrientationLandscapeLeft UIInterfaceOrientationLandscapeRight";
				LD_RUNPATH_SEARCH_PATHS = (
					"$(inherited)",
					"@executable_path/Frameworks",
				);
				MARKETING_VERSION = 1.0;
				PRODUCT_BUNDLE_IDENTIFIER = me.zack.adams.XibProject1;
				PRODUCT_NAME = "$(TARGET_NAME)";
				SWIFT_EMIT_LOC_STRINGS = YES;
				SWIFT_VERSION = 5.0;
				TARGETED_DEVICE_FAMILY = "1,2";
			};
			name = Debug;
		};
		8C4DC52E2B546A21000B8A28 /* Release */ = {
			isa = XCBuildConfiguration;
			buildSettings = {
				ASSETCATALOG_COMPILER_APPICON_NAME = AppIcon;
				ASSETCATALOG_COMPILER_GLOBAL_ACCENT_COLOR_NAME = AccentColor;
				CODE_SIGN_STYLE = Automatic;
				CURRENT_PROJECT_VERSION = 1;
				GENERATE_INFOPLIST_FILE = YES;
				INFOPLIST_FILE = XibProject1/Info.plist;
				INFOPLIST_KEY_UIApplicationSupportsIndirectInputEvents = YES;
				INFOPLIST_KEY_UILaunchStoryboardName = LaunchScreen;
				INFOPLIST_KEY_UIMainStoryboardFile = "";
				INFOPLIST_KEY_UISupportedInterfaceOrientations_iPad = "UIInterfaceOrientationPortrait UIInterfaceOrientationPortraitUpsideDown UIInterfaceOrientationLandscapeLeft UIInterfaceOrientationLandscapeRight";
				INFOPLIST_KEY_UISupportedInterfaceOrientations_iPhone = "UIInterfaceOrientationPortrait UIInterfaceOrientationLandscapeLeft UIInterfaceOrientationLandscapeRight";
				LD_RUNPATH_SEARCH_PATHS = (
					"$(inherited)",
					"@executable_path/Frameworks",
				);
				MARKETING_VERSION = 1.0;
				PRODUCT_BUNDLE_IDENTIFIER = me.zack.adams.XibProject1;
				PRODUCT_NAME = "$(TARGET_NAME)";
				SWIFT_EMIT_LOC_STRINGS = YES;
				SWIFT_VERSION = 5.0;
				TARGETED_DEVICE_FAMILY = "1,2";
			};
			name = Release;
		};
/* End XCBuildConfiguration section */

/* Begin XCConfigurationList section */
		8C4DC5132B546A20000B8A28 /* Build configuration list for PBXProject "XibProject1" */ = {
			isa = XCConfigurationList;
			buildConfigurations = (
				8C4DC52A2B546A21000B8A28 /* Debug */,
				8C4DC52B2B546A21000B8A28 /* Release */,
			);
			defaultConfigurationIsVisible = 0;
			defaultConfigurationName = Release;
		};
		8C4DC52C2B546A21000B8A28 /* Build configuration list for PBXNativeTarget "XibProject1" */ = {
			isa = XCConfigurationList;
			buildConfigurations = (
				8C4DC52D2B546A21000B8A28 /* Debug */,
				8C4DC52E2B546A21000B8A28 /* Release */,
			);
			defaultConfigurationIsVisible = 0;
			defaultConfigurationName = Release;
		};
/* End XCConfigurationList section */
	};
	rootObject = 8C4DC5102B546A20000B8A28 /* Project object */;
}
